
Microsoft Visual Studio Solution File, Format Version 12.00
# Visual Studio Version 17
VisualStudioVersion = 17.7.34221.43
MinimumVisualStudioVersion = 10.0.40219.1
Project("{FAE04EC0-301F-11D3-BF4B-00C04F79EFBC}") = "hungnv_ph30098", "hungnv_ph30098.csproj", "{4090327A-89C4-427A-BBBC-774B54960B37}"
EndProject
Global
	GlobalSection(SolutionConfigurationPlatforms) = preSolution
		Debug|Any CPU = Debug|Any CPU
		Release|Any CPU = Release|Any CPU
	EndGlobalSection
	GlobalSection(ProjectConfigurationPlatforms) = postSolution
		{4090327A-89C4-427A-BBBC-774B54960B37}.Debug|Any CPU.ActiveCfg = Debug|Any CPU
		{4090327A-89C4-427A-BBBC-774B54960B37}.Debug|Any CPU.Build.0 = Debug|Any CPU
		{4090327A-89C4-427A-BBBC-774B54960B37}.Release|Any CPU.ActiveCfg = Release|Any CPU
		{4090327A-89C4-427A-BBBC-774B54960B37}.Release|Any CPU.Build.0 = Release|Any CPU
	EndGlobalSection
	GlobalSection(SolutionProperties) = preSolution
		HideSolutionNode = FALSE
	EndGlobalSection
	GlobalSection(ExtensibilityGlobals) = postSolution
		SolutionGuid = {6E94F5F3-3A38-4454-9806-AAD2E55C4D43}
	EndGlobalSection
EndGlobal
